// !$*UTF8*$!
{
	archiveVersion = 1;
	classes = {
	};
	objectVersion = 56;
	objects = {

/* Begin PBXBuildFile section */
		119A51102BF4375800E33239 /* LoginSystemSwiftUIApp.swift in Sources */ = {isa = PBXBuildFile; fileRef = 119A510F2BF4375800E33239 /* LoginSystemSwiftUIApp.swift */; };
		119A51122BF4375800E33239 /* ContentView.swift in Sources */ = {isa = PBXBuildFile; fileRef = 119A51112BF4375800E33239 /* ContentView.swift */; };
		119A51142BF4375900E33239 /* Assets.xcassets in Resources */ = {isa = PBXBuildFile; fileRef = 119A51132BF4375900E33239 /* Assets.xcassets */; };
		119A51172BF4375900E33239 /* Preview Assets.xcassets in Resources */ = {isa = PBXBuildFile; fileRef = 119A51162BF4375900E33239 /* Preview Assets.xcassets */; };
		119A51272BF4382E00E33239 /* LoginView.swift in Sources */ = {isa = PBXBuildFile; fileRef = 119A51262BF4382E00E33239 /* LoginView.swift */; };
		119A51292BF4398B00E33239 /* InputView.swift in Sources */ = {isa = PBXBuildFile; fileRef = 119A51282BF4398B00E33239 /* InputView.swift */; };
		119A512B2BF444E000E33239 /* RegisterView.swift in Sources */ = {isa = PBXBuildFile; fileRef = 119A512A2BF444E000E33239 /* RegisterView.swift */; };
		119A512D2BF45D6100E33239 /* ProvileView.swift in Sources */ = {isa = PBXBuildFile; fileRef = 119A512C2BF45D6100E33239 /* ProvileView.swift */; };
		119A512F2BF45F9400E33239 /* SettingRowView.swift in Sources */ = {isa = PBXBuildFile; fileRef = 119A512E2BF45F9400E33239 /* SettingRowView.swift */; };
		119A51312BF4630300E33239 /* Users.swift in Sources */ = {isa = PBXBuildFile; fileRef = 119A51302BF4630300E33239 /* Users.swift */; };
		119A51332BF468E500E33239 /* GoogleService-Info.plist in Resources */ = {isa = PBXBuildFile; fileRef = 119A51322BF468E500E33239 /* GoogleService-Info.plist */; };
		119A51362BF46A5500E33239 /* FirebaseAnalytics in Frameworks */ = {isa = PBXBuildFile; productRef = 119A51352BF46A5500E33239 /* FirebaseAnalytics */; };
		119A51382BF46A5500E33239 /* FirebaseAnalyticsOnDeviceConversion in Frameworks */ = {isa = PBXBuildFile; productRef = 119A51372BF46A5500E33239 /* FirebaseAnalyticsOnDeviceConversion */; };
		119A513A2BF46A5500E33239 /* FirebaseAnalyticsSwift in Frameworks */ = {isa = PBXBuildFile; productRef = 119A51392BF46A5500E33239 /* FirebaseAnalyticsSwift */; };
		119A513C2BF46A5500E33239 /* FirebaseAnalyticsWithoutAdIdSupport in Frameworks */ = {isa = PBXBuildFile; productRef = 119A513B2BF46A5500E33239 /* FirebaseAnalyticsWithoutAdIdSupport */; };
		119A513E2BF46A5500E33239 /* FirebaseAppCheck in Frameworks */ = {isa = PBXBuildFile; productRef = 119A513D2BF46A5500E33239 /* FirebaseAppCheck */; };
		119A51402BF46A5500E33239 /* FirebaseAppDistribution-Beta in Frameworks */ = {isa = PBXBuildFile; productRef = 119A513F2BF46A5500E33239 /* FirebaseAppDistribution-Beta */; };
		119A51422BF46A5500E33239 /* FirebaseAuth in Frameworks */ = {isa = PBXBuildFile; productRef = 119A51412BF46A5500E33239 /* FirebaseAuth */; };
		119A51442BF46A5500E33239 /* FirebaseAuthCombine-Community in Frameworks */ = {isa = PBXBuildFile; productRef = 119A51432BF46A5500E33239 /* FirebaseAuthCombine-Community */; };
		119A51462BF46A5500E33239 /* FirebaseCrashlytics in Frameworks */ = {isa = PBXBuildFile; productRef = 119A51452BF46A5500E33239 /* FirebaseCrashlytics */; };
		119A51482BF46A5500E33239 /* FirebaseDatabase in Frameworks */ = {isa = PBXBuildFile; productRef = 119A51472BF46A5500E33239 /* FirebaseDatabase */; };
		119A514A2BF46A5500E33239 /* FirebaseDatabaseSwift in Frameworks */ = {isa = PBXBuildFile; productRef = 119A51492BF46A5500E33239 /* FirebaseDatabaseSwift */; };
		119A514C2BF46A5500E33239 /* FirebaseDynamicLinks in Frameworks */ = {isa = PBXBuildFile; productRef = 119A514B2BF46A5500E33239 /* FirebaseDynamicLinks */; };
		119A514E2BF46A5500E33239 /* FirebaseFirestore in Frameworks */ = {isa = PBXBuildFile; productRef = 119A514D2BF46A5500E33239 /* FirebaseFirestore */; };
		119A51502BF46A5500E33239 /* FirebaseFirestoreCombine-Community in Frameworks */ = {isa = PBXBuildFile; productRef = 119A514F2BF46A5500E33239 /* FirebaseFirestoreCombine-Community */; };
		119A51522BF46A5500E33239 /* FirebaseFirestoreSwift in Frameworks */ = {isa = PBXBuildFile; productRef = 119A51512BF46A5500E33239 /* FirebaseFirestoreSwift */; };
		119A51542BF46A5500E33239 /* FirebaseFunctions in Frameworks */ = {isa = PBXBuildFile; productRef = 119A51532BF46A5500E33239 /* FirebaseFunctions */; };
		119A51562BF46A5500E33239 /* FirebaseFunctionsCombine-Community in Frameworks */ = {isa = PBXBuildFile; productRef = 119A51552BF46A5500E33239 /* FirebaseFunctionsCombine-Community */; };
		119A51582BF46A5500E33239 /* FirebaseInAppMessaging-Beta in Frameworks */ = {isa = PBXBuildFile; productRef = 119A51572BF46A5500E33239 /* FirebaseInAppMessaging-Beta */; };
		119A515A2BF46A5500E33239 /* FirebaseInAppMessagingSwift-Beta in Frameworks */ = {isa = PBXBuildFile; productRef = 119A51592BF46A5500E33239 /* FirebaseInAppMessagingSwift-Beta */; };
		119A515C2BF46A5500E33239 /* FirebaseInstallations in Frameworks */ = {isa = PBXBuildFile; productRef = 119A515B2BF46A5500E33239 /* FirebaseInstallations */; };
		119A515E2BF46A5500E33239 /* FirebaseMLModelDownloader in Frameworks */ = {isa = PBXBuildFile; productRef = 119A515D2BF46A5500E33239 /* FirebaseMLModelDownloader */; };
		119A51602BF46A5500E33239 /* FirebaseMessaging in Frameworks */ = {isa = PBXBuildFile; productRef = 119A515F2BF46A5500E33239 /* FirebaseMessaging */; };
		119A51622BF46A5500E33239 /* FirebasePerformance in Frameworks */ = {isa = PBXBuildFile; productRef = 119A51612BF46A5500E33239 /* FirebasePerformance */; };
		119A51642BF46A5500E33239 /* FirebaseRemoteConfig in Frameworks */ = {isa = PBXBuildFile; productRef = 119A51632BF46A5500E33239 /* FirebaseRemoteConfig */; };
		119A51662BF46A5500E33239 /* FirebaseRemoteConfigSwift in Frameworks */ = {isa = PBXBuildFile; productRef = 119A51652BF46A5500E33239 /* FirebaseRemoteConfigSwift */; };
		119A51682BF46A5500E33239 /* FirebaseStorage in Frameworks */ = {isa = PBXBuildFile; productRef = 119A51672BF46A5500E33239 /* FirebaseStorage */; };
		119A516A2BF46A5500E33239 /* FirebaseStorageCombine-Community in Frameworks */ = {isa = PBXBuildFile; productRef = 119A51692BF46A5500E33239 /* FirebaseStorageCombine-Community */; };
		119A516C2BF46A5500E33239 /* FirebaseVertexAI-Preview in Frameworks */ = {isa = PBXBuildFile; productRef = 119A516B2BF46A5500E33239 /* FirebaseVertexAI-Preview */; };
		119A51702BF46AD000E33239 /* AuthViewModel.swift in Sources */ = {isa = PBXBuildFile; fileRef = 119A516F2BF46AD000E33239 /* AuthViewModel.swift */; };
/* End PBXBuildFile section */

/* Begin PBXFileReference section */
		119A510C2BF4375800E33239 /* LoginSystemSwiftUI.app */ = {isa = PBXFileReference; explicitFileType = wrapper.application; includeInIndex = 0; path = LoginSystemSwiftUI.app; sourceTree = BUILT_PRODUCTS_DIR; };
		119A510F2BF4375800E33239 /* LoginSystemSwiftUIApp.swift */ = {isa = PBXFileReference; lastKnownFileType = sourcecode.swift; path = LoginSystemSwiftUIApp.swift; sourceTree = "<group>"; };
		119A51112BF4375800E33239 /* ContentView.swift */ = {isa = PBXFileReference; lastKnownFileType = sourcecode.swift; path = ContentView.swift; sourceTree = "<group>"; };
		119A51132BF4375900E33239 /* Assets.xcassets */ = {isa = PBXFileReference; lastKnownFileType = folder.assetcatalog; path = Assets.xcassets; sourceTree = "<group>"; };
		119A51162BF4375900E33239 /* Preview Assets.xcassets */ = {isa = PBXFileReference; lastKnownFileType = folder.assetcatalog; path = "Preview Assets.xcassets"; sourceTree = "<group>"; };
		119A51262BF4382E00E33239 /* LoginView.swift */ = {isa = PBXFileReference; lastKnownFileType = sourcecode.swift; path = LoginView.swift; sourceTree = "<group>"; };
		119A51282BF4398B00E33239 /* InputView.swift */ = {isa = PBXFileReference; lastKnownFileType = sourcecode.swift; path = InputView.swift; sourceTree = "<group>"; };
		119A512A2BF444E000E33239 /* RegisterView.swift */ = {isa = PBXFileReference; lastKnownFileType = sourcecode.swift; path = RegisterView.swift; sourceTree = "<group>"; };
		119A512C2BF45D6100E33239 /* ProvileView.swift */ = {isa = PBXFileReference; lastKnownFileType = sourcecode.swift; path = ProvileView.swift; sourceTree = "<group>"; };
		119A512E2BF45F9400E33239 /* SettingRowView.swift */ = {isa = PBXFileReference; lastKnownFileType = sourcecode.swift; path = SettingRowView.swift; sourceTree = "<group>"; };
		119A51302BF4630300E33239 /* Users.swift */ = {isa = PBXFileReference; lastKnownFileType = sourcecode.swift; path = Users.swift; sourceTree = "<group>"; };
		119A51322BF468E500E33239 /* GoogleService-Info.plist */ = {isa = PBXFileReference; lastKnownFileType = text.plist; path = "GoogleService-Info.plist"; sourceTree = SOURCE_ROOT; };
		119A516F2BF46AD000E33239 /* AuthViewModel.swift */ = {isa = PBXFileReference; lastKnownFileType = sourcecode.swift; path = AuthViewModel.swift; sourceTree = "<group>"; };
/* End PBXFileReference section */

/* Begin PBXFrameworksBuildPhase section */
		119A51092BF4375800E33239 /* Frameworks */ = {
			isa = PBXFrameworksBuildPhase;
			buildActionMask = 2147483647;
			files = (
				119A51482BF46A5500E33239 /* FirebaseDatabase in Frameworks */,
				119A51562BF46A5500E33239 /* FirebaseFunctionsCombine-Community in Frameworks */,
				119A514E2BF46A5500E33239 /* FirebaseFirestore in Frameworks */,
				119A513A2BF46A5500E33239 /* FirebaseAnalyticsSwift in Frameworks */,
				119A51362BF46A5500E33239 /* FirebaseAnalytics in Frameworks */,
				119A51382BF46A5500E33239 /* FirebaseAnalyticsOnDeviceConversion in Frameworks */,
				119A515E2BF46A5500E33239 /* FirebaseMLModelDownloader in Frameworks */,
				119A51522BF46A5500E33239 /* FirebaseFirestoreSwift in Frameworks */,
				119A513E2BF46A5500E33239 /* FirebaseAppCheck in Frameworks */,
				119A513C2BF46A5500E33239 /* FirebaseAnalyticsWithoutAdIdSupport in Frameworks */,
				119A51422BF46A5500E33239 /* FirebaseAuth in Frameworks */,
				119A51462BF46A5500E33239 /* FirebaseCrashlytics in Frameworks */,
				119A51662BF46A5500E33239 /* FirebaseRemoteConfigSwift in Frameworks */,
				119A51582BF46A5500E33239 /* FirebaseInAppMessaging-Beta in Frameworks */,
				119A514A2BF46A5500E33239 /* FirebaseDatabaseSwift in Frameworks */,
				119A51542BF46A5500E33239 /* FirebaseFunctions in Frameworks */,
				119A516A2BF46A5500E33239 /* FirebaseStorageCombine-Community in Frameworks */,
				119A51642BF46A5500E33239 /* FirebaseRemoteConfig in Frameworks */,
				119A51402BF46A5500E33239 /* FirebaseAppDistribution-Beta in Frameworks */,
				119A51442BF46A5500E33239 /* FirebaseAuthCombine-Community in Frameworks */,
				119A51622BF46A5500E33239 /* FirebasePerformance in Frameworks */,
				119A515A2BF46A5500E33239 /* FirebaseInAppMessagingSwift-Beta in Frameworks */,
				119A51682BF46A5500E33239 /* FirebaseStorage in Frameworks */,
				119A514C2BF46A5500E33239 /* FirebaseDynamicLinks in Frameworks */,
				119A516C2BF46A5500E33239 /* FirebaseVertexAI-Preview in Frameworks */,
				119A51502BF46A5500E33239 /* FirebaseFirestoreCombine-Community in Frameworks */,
				119A51602BF46A5500E33239 /* FirebaseMessaging in Frameworks */,
				119A515C2BF46A5500E33239 /* FirebaseInstallations in Frameworks */,
			);
			runOnlyForDeploymentPostprocessing = 0;
		};
/* End PBXFrameworksBuildPhase section */

/* Begin PBXGroup section */
		119A51032BF4375800E33239 = {
			isa = PBXGroup;
			children = (
				119A510E2BF4375800E33239 /* LoginSystemSwiftUI */,
				119A510D2BF4375800E33239 /* Products */,
			);
			sourceTree = "<group>";
		};
		119A510D2BF4375800E33239 /* Products */ = {
			isa = PBXGroup;
			children = (
				119A510C2BF4375800E33239 /* LoginSystemSwiftUI.app */,
			);
			name = Products;
			sourceTree = "<group>";
		};
		119A510E2BF4375800E33239 /* LoginSystemSwiftUI */ = {
			isa = PBXGroup;
			children = (
				119A51222BF4377200E33239 /* App */,
				119A51212BF4376E00E33239 /* Components */,
				119A51202BF4376800E33239 /* Core */,
				119A511F2BF4376700E33239 /* Model */,
				119A51132BF4375900E33239 /* Assets.xcassets */,
				119A51322BF468E500E33239 /* GoogleService-Info.plist */,
				119A51152BF4375900E33239 /* Preview Content */,
			);
			path = LoginSystemSwiftUI;
			sourceTree = "<group>";
		};
		119A51152BF4375900E33239 /* Preview Content */ = {
			isa = PBXGroup;
			children = (
				119A51162BF4375900E33239 /* Preview Assets.xcassets */,
			);
			path = "Preview Content";
			sourceTree = "<group>";
		};
		119A511F2BF4376700E33239 /* Model */ = {
			isa = PBXGroup;
			children = (
				119A51302BF4630300E33239 /* Users.swift */,
			);
			path = Model;
			sourceTree = "<group>";
		};
		119A51202BF4376800E33239 /* Core */ = {
			isa = PBXGroup;
			children = (
				119A51252BF437EB00E33239 /* Profile */,
				119A51242BF437D900E33239 /* Authentication */,
				119A51232BF437B100E33239 /* Root */,
			);
			path = Core;
			sourceTree = "<group>";
		};
		119A51212BF4376E00E33239 /* Components */ = {
			isa = PBXGroup;
			children = (
				119A51282BF4398B00E33239 /* InputView.swift */,
				119A512E2BF45F9400E33239 /* SettingRowView.swift */,
			);
			path = Components;
			sourceTree = "<group>";
		};
		119A51222BF4377200E33239 /* App */ = {
			isa = PBXGroup;
			children = (
				119A510F2BF4375800E33239 /* LoginSystemSwiftUIApp.swift */,
			);
			path = App;
			sourceTree = "<group>";
		};
		119A51232BF437B100E33239 /* Root */ = {
			isa = PBXGroup;
			children = (
				119A51112BF4375800E33239 /* ContentView.swift */,
			);
			path = Root;
			sourceTree = "<group>";
		};
		119A51242BF437D900E33239 /* Authentication */ = {
			isa = PBXGroup;
			children = (
				119A516D2BF46A9800E33239 /* Views */,
				119A516E2BF46A9F00E33239 /* ViewModels */,
			);
			path = Authentication;
			sourceTree = "<group>";
		};
		119A51252BF437EB00E33239 /* Profile */ = {
			isa = PBXGroup;
			children = (
				119A512C2BF45D6100E33239 /* ProvileView.swift */,
			);
			path = Profile;
			sourceTree = "<group>";
		};
		119A516D2BF46A9800E33239 /* Views */ = {
			isa = PBXGroup;
			children = (
				119A51262BF4382E00E33239 /* LoginView.swift */,
				119A512A2BF444E000E33239 /* RegisterView.swift */,
			);
			path = Views;
			sourceTree = "<group>";
		};
		119A516E2BF46A9F00E33239 /* ViewModels */ = {
			isa = PBXGroup;
			children = (
				119A516F2BF46AD000E33239 /* AuthViewModel.swift */,
			);
			path = ViewModels;
			sourceTree = "<group>";
		};
/* End PBXGroup section */

/* Begin PBXNativeTarget section */
		119A510B2BF4375800E33239 /* LoginSystemSwiftUI */ = {
			isa = PBXNativeTarget;
			buildConfigurationList = 119A511A2BF4375900E33239 /* Build configuration list for PBXNativeTarget "LoginSystemSwiftUI" */;
			buildPhases = (
				119A51082BF4375800E33239 /* Sources */,
				119A51092BF4375800E33239 /* Frameworks */,
				119A510A2BF4375800E33239 /* Resources */,
			);
			buildRules = (
			);
			dependencies = (
			);
			name = LoginSystemSwiftUI;
			packageProductDependencies = (
				119A51352BF46A5500E33239 /* FirebaseAnalytics */,
				119A51372BF46A5500E33239 /* FirebaseAnalyticsOnDeviceConversion */,
				119A51392BF46A5500E33239 /* FirebaseAnalyticsSwift */,
				119A513B2BF46A5500E33239 /* FirebaseAnalyticsWithoutAdIdSupport */,
				119A513D2BF46A5500E33239 /* FirebaseAppCheck */,
				119A513F2BF46A5500E33239 /* FirebaseAppDistribution-Beta */,
				119A51412BF46A5500E33239 /* FirebaseAuth */,
				119A51432BF46A5500E33239 /* FirebaseAuthCombine-Community */,
				119A51452BF46A5500E33239 /* FirebaseCrashlytics */,
				119A51472BF46A5500E33239 /* FirebaseDatabase */,
				119A51492BF46A5500E33239 /* FirebaseDatabaseSwift */,
				119A514B2BF46A5500E33239 /* FirebaseDynamicLinks */,
				119A514D2BF46A5500E33239 /* FirebaseFirestore */,
				119A514F2BF46A5500E33239 /* FirebaseFirestoreCombine-Community */,
				119A51512BF46A5500E33239 /* FirebaseFirestoreSwift */,
				119A51532BF46A5500E33239 /* FirebaseFunctions */,
				119A51552BF46A5500E33239 /* FirebaseFunctionsCombine-Community */,
				119A51572BF46A5500E33239 /* FirebaseInAppMessaging-Beta */,
				119A51592BF46A5500E33239 /* FirebaseInAppMessagingSwift-Beta */,
				119A515B2BF46A5500E33239 /* FirebaseInstallations */,
				119A515D2BF46A5500E33239 /* FirebaseMLModelDownloader */,
				119A515F2BF46A5500E33239 /* FirebaseMessaging */,
				119A51612BF46A5500E33239 /* FirebasePerformance */,
				119A51632BF46A5500E33239 /* FirebaseRemoteConfig */,
				119A51652BF46A5500E33239 /* FirebaseRemoteConfigSwift */,
				119A51672BF46A5500E33239 /* FirebaseStorage */,
				119A51692BF46A5500E33239 /* FirebaseStorageCombine-Community */,
				119A516B2BF46A5500E33239 /* FirebaseVertexAI-Preview */,
			);
			productName = LoginSystemSwiftUI;
			productReference = 119A510C2BF4375800E33239 /* LoginSystemSwiftUI.app */;
			productType = "com.apple.product-type.application";
		};
/* End PBXNativeTarget section */

/* Begin PBXProject section */
		119A51042BF4375800E33239 /* Project object */ = {
			isa = PBXProject;
			attributes = {
				BuildIndependentTargetsInParallel = 1;
				LastSwiftUpdateCheck = 1500;
				LastUpgradeCheck = 1500;
				TargetAttributes = {
					119A510B2BF4375800E33239 = {
						CreatedOnToolsVersion = 15.0;
					};
				};
			};
			buildConfigurationList = 119A51072BF4375800E33239 /* Build configuration list for PBXProject "LoginSystemSwiftUI" */;
			compatibilityVersion = "Xcode 14.0";
			developmentRegion = en;
			hasScannedForEncodings = 0;
			knownRegions = (
				en,
				Base,
			);
			mainGroup = 119A51032BF4375800E33239;
			packageReferences = (
				119A51342BF46A5400E33239 /* XCRemoteSwiftPackageReference "firebase-ios-sdk" */,
			);
			productRefGroup = 119A510D2BF4375800E33239 /* Products */;
			projectDirPath = "";
			projectRoot = "";
			targets = (
				119A510B2BF4375800E33239 /* LoginSystemSwiftUI */,
			);
		};
/* End PBXProject section */

/* Begin PBXResourcesBuildPhase section */
		119A510A2BF4375800E33239 /* Resources */ = {
			isa = PBXResourcesBuildPhase;
			buildActionMask = 2147483647;
			files = (
				119A51172BF4375900E33239 /* Preview Assets.xcassets in Resources */,
				119A51142BF4375900E33239 /* Assets.xcassets in Resources */,
				119A51332BF468E500E33239 /* GoogleService-Info.plist in Resources */,
			);
			runOnlyForDeploymentPostprocessing = 0;
		};
/* End PBXResourcesBuildPhase section */

/* Begin PBXSourcesBuildPhase section */
		119A51082BF4375800E33239 /* Sources */ = {
			isa = PBXSourcesBuildPhase;
			buildActionMask = 2147483647;
			files = (
				119A51312BF4630300E33239 /* Users.swift in Sources */,
				119A51272BF4382E00E33239 /* LoginView.swift in Sources */,
				119A512B2BF444E000E33239 /* RegisterView.swift in Sources */,
				119A512F2BF45F9400E33239 /* SettingRowView.swift in Sources */,
				119A51292BF4398B00E33239 /* InputView.swift in Sources */,
				119A51122BF4375800E33239 /* ContentView.swift in Sources */,
				119A512D2BF45D6100E33239 /* ProvileView.swift in Sources */,
				119A51102BF4375800E33239 /* LoginSystemSwiftUIApp.swift in Sources */,
				119A51702BF46AD000E33239 /* AuthViewModel.swift in Sources */,
			);
			runOnlyForDeploymentPostprocessing = 0;
		};
/* End PBXSourcesBuildPhase section */

/* Begin XCBuildConfiguration section */
		119A51182BF4375900E33239 /* Debug */ = {
			isa = XCBuildConfiguration;
			buildSettings = {
				ALWAYS_SEARCH_USER_PATHS = NO;
				ASSETCATALOG_COMPILER_GENERATE_SWIFT_ASSET_SYMBOL_EXTENSIONS = YES;
				CLANG_ANALYZER_NONNULL = YES;
				CLANG_ANALYZER_NUMBER_OBJECT_CONVERSION = YES_AGGRESSIVE;
				CLANG_CXX_LANGUAGE_STANDARD = "gnu++20";
				CLANG_ENABLE_MODULES = YES;
				CLANG_ENABLE_OBJC_ARC = YES;
				CLANG_ENABLE_OBJC_WEAK = YES;
				CLANG_WARN_BLOCK_CAPTURE_AUTORELEASING = YES;
				CLANG_WARN_BOOL_CONVERSION = YES;
				CLANG_WARN_COMMA = YES;
				CLANG_WARN_CONSTANT_CONVERSION = YES;
				CLANG_WARN_DEPRECATED_OBJC_IMPLEMENTATIONS = YES;
				CLANG_WARN_DIRECT_OBJC_ISA_USAGE = YES_ERROR;
				CLANG_WARN_DOCUMENTATION_COMMENTS = YES;
				CLANG_WARN_EMPTY_BODY = YES;
				CLANG_WARN_ENUM_CONVERSION = YES;
				CLANG_WARN_INFINITE_RECURSION = YES;
				CLANG_WARN_INT_CONVERSION = YES;
				CLANG_WARN_NON_LITERAL_NULL_CONVERSION = YES;
				CLANG_WARN_OBJC_IMPLICIT_RETAIN_SELF = YES;
				CLANG_WARN_OBJC_LITERAL_CONVERSION = YES;
				CLANG_WARN_OBJC_ROOT_CLASS = YES_ERROR;
				CLANG_WARN_QUOTED_INCLUDE_IN_FRAMEWORK_HEADER = YES;
				CLANG_WARN_RANGE_LOOP_ANALYSIS = YES;
				CLANG_WARN_STRICT_PROTOTYPES = YES;
				CLANG_WARN_SUSPICIOUS_MOVE = YES;
				CLANG_WARN_UNGUARDED_AVAILABILITY = YES_AGGRESSIVE;
				CLANG_WARN_UNREACHABLE_CODE = YES;
				CLANG_WARN__DUPLICATE_METHOD_MATCH = YES;
				COPY_PHASE_STRIP = NO;
				DEBUG_INFORMATION_FORMAT = dwarf;
				ENABLE_STRICT_OBJC_MSGSEND = YES;
				ENABLE_TESTABILITY = YES;
				ENABLE_USER_SCRIPT_SANDBOXING = YES;
				GCC_C_LANGUAGE_STANDARD = gnu17;
				GCC_DYNAMIC_NO_PIC = NO;
				GCC_NO_COMMON_BLOCKS = YES;
				GCC_OPTIMIZATION_LEVEL = 0;
				GCC_PREPROCESSOR_DEFINITIONS = (
					"DEBUG=1",
					"$(inherited)",
				);
				GCC_WARN_64_TO_32_BIT_CONVERSION = YES;
				GCC_WARN_ABOUT_RETURN_TYPE = YES_ERROR;
				GCC_WARN_UNDECLARED_SELECTOR = YES;
				GCC_WARN_UNINITIALIZED_AUTOS = YES_AGGRESSIVE;
				GCC_WARN_UNUSED_FUNCTION = YES;
				GCC_WARN_UNUSED_VARIABLE = YES;
				IPHONEOS_DEPLOYMENT_TARGET = 17.0;
				LOCALIZATION_PREFERS_STRING_CATALOGS = YES;
				MTL_ENABLE_DEBUG_INFO = INCLUDE_SOURCE;
				MTL_FAST_MATH = YES;
				ONLY_ACTIVE_ARCH = YES;
				SDKROOT = iphoneos;
				SWIFT_ACTIVE_COMPILATION_CONDITIONS = "DEBUG $(inherited)";
				SWIFT_OPTIMIZATION_LEVEL = "-Onone";
			};
			name = Debug;
		};
		119A51192BF4375900E33239 /* Release */ = {
			isa = XCBuildConfiguration;
			buildSettings = {
				ALWAYS_SEARCH_USER_PATHS = NO;
				ASSETCATALOG_COMPILER_GENERATE_SWIFT_ASSET_SYMBOL_EXTENSIONS = YES;
				CLANG_ANALYZER_NONNULL = YES;
				CLANG_ANALYZER_NUMBER_OBJECT_CONVERSION = YES_AGGRESSIVE;
				CLANG_CXX_LANGUAGE_STANDARD = "gnu++20";
				CLANG_ENABLE_MODULES = YES;
				CLANG_ENABLE_OBJC_ARC = YES;
				CLANG_ENABLE_OBJC_WEAK = YES;
				CLANG_WARN_BLOCK_CAPTURE_AUTORELEASING = YES;
				CLANG_WARN_BOOL_CONVERSION = YES;
				CLANG_WARN_COMMA = YES;
				CLANG_WARN_CONSTANT_CONVERSION = YES;
				CLANG_WARN_DEPRECATED_OBJC_IMPLEMENTATIONS = YES;
				CLANG_WARN_DIRECT_OBJC_ISA_USAGE = YES_ERROR;
				CLANG_WARN_DOCUMENTATION_COMMENTS = YES;
				CLANG_WARN_EMPTY_BODY = YES;
				CLANG_WARN_ENUM_CONVERSION = YES;
				CLANG_WARN_INFINITE_RECURSION = YES;
				CLANG_WARN_INT_CONVERSION = YES;
				CLANG_WARN_NON_LITERAL_NULL_CONVERSION = YES;
				CLANG_WARN_OBJC_IMPLICIT_RETAIN_SELF = YES;
				CLANG_WARN_OBJC_LITERAL_CONVERSION = YES;
				CLANG_WARN_OBJC_ROOT_CLASS = YES_ERROR;
				CLANG_WARN_QUOTED_INCLUDE_IN_FRAMEWORK_HEADER = YES;
				CLANG_WARN_RANGE_LOOP_ANALYSIS = YES;
				CLANG_WARN_STRICT_PROTOTYPES = YES;
				CLANG_WARN_SUSPICIOUS_MOVE = YES;
				CLANG_WARN_UNGUARDED_AVAILABILITY = YES_AGGRESSIVE;
				CLANG_WARN_UNREACHABLE_CODE = YES;
				CLANG_WARN__DUPLICATE_METHOD_MATCH = YES;
				COPY_PHASE_STRIP = NO;
				DEBUG_INFORMATION_FORMAT = "dwarf-with-dsym";
				ENABLE_NS_ASSERTIONS = NO;
				ENABLE_STRICT_OBJC_MSGSEND = YES;
				ENABLE_USER_SCRIPT_SANDBOXING = YES;
				GCC_C_LANGUAGE_STANDARD = gnu17;
				GCC_NO_COMMON_BLOCKS = YES;
				GCC_WARN_64_TO_32_BIT_CONVERSION = YES;
				GCC_WARN_ABOUT_RETURN_TYPE = YES_ERROR;
				GCC_WARN_UNDECLARED_SELECTOR = YES;
				GCC_WARN_UNINITIALIZED_AUTOS = YES_AGGRESSIVE;
				GCC_WARN_UNUSED_FUNCTION = YES;
				GCC_WARN_UNUSED_VARIABLE = YES;
				IPHONEOS_DEPLOYMENT_TARGET = 17.0;
				LOCALIZATION_PREFERS_STRING_CATALOGS = YES;
				MTL_ENABLE_DEBUG_INFO = NO;
				MTL_FAST_MATH = YES;
				SDKROOT = iphoneos;
				SWIFT_COMPILATION_MODE = wholemodule;
				VALIDATE_PRODUCT = YES;
			};
			name = Release;
		};
		119A511B2BF4375900E33239 /* Debug */ = {
			isa = XCBuildConfiguration;
			buildSettings = {
				ASSETCATALOG_COMPILER_APPICON_NAME = AppIcon;
				ASSETCATALOG_COMPILER_GLOBAL_ACCENT_COLOR_NAME = AccentColor;
				CODE_SIGN_STYLE = Automatic;
				CURRENT_PROJECT_VERSION = 1;
				DEVELOPMENT_ASSET_PATHS = "\"LoginSystemSwiftUI/Preview Content\"";
				DEVELOPMENT_TEAM = 4UQ7P64XP8;
				ENABLE_PREVIEWS = YES;
				GENERATE_INFOPLIST_FILE = YES;
				INFOPLIST_KEY_UIApplicationSceneManifest_Generation = YES;
				INFOPLIST_KEY_UIApplicationSupportsIndirectInputEvents = YES;
				INFOPLIST_KEY_UILaunchScreen_Generation = YES;
				INFOPLIST_KEY_UISupportedInterfaceOrientations_iPad = "UIInterfaceOrientationPortrait UIInterfaceOrientationPortraitUpsideDown UIInterfaceOrientationLandscapeLeft UIInterfaceOrientationLandscapeRight";
				INFOPLIST_KEY_UISupportedInterfaceOrientations_iPhone = "UIInterfaceOrientationPortrait UIInterfaceOrientationLandscapeLeft UIInterfaceOrientationLandscapeRight";
				IPHONEOS_DEPLOYMENT_TARGET = 16.0;
				LD_RUNPATH_SEARCH_PATHS = (
					"$(inherited)",
					"@executable_path/Frameworks",
				);
				MARKETING_VERSION = 1.0;
				PRODUCT_BUNDLE_IDENTIFIER = aliffariqi.me.LoginSystemSwiftUI;
				PRODUCT_NAME = "$(TARGET_NAME)";
				SWIFT_EMIT_LOC_STRINGS = YES;
				SWIFT_VERSION = 5.0;
				TARGETED_DEVICE_FAMILY = "1,2";
			};
			name = Debug;
		};
		119A511C2BF4375900E33239 /* Release */ = {
			isa = XCBuildConfiguration;
			buildSettings = {
				ASSETCATALOG_COMPILER_APPICON_NAME = AppIcon;
				ASSETCATALOG_COMPILER_GLOBAL_ACCENT_COLOR_NAME = AccentColor;
				CODE_SIGN_STYLE = Automatic;
				CURRENT_PROJECT_VERSION = 1;
				DEVELOPMENT_ASSET_PATHS = "\"LoginSystemSwiftUI/Preview Content\"";
				DEVELOPMENT_TEAM = 4UQ7P64XP8;
				ENABLE_PREVIEWS = YES;
				GENERATE_INFOPLIST_FILE = YES;
				INFOPLIST_KEY_UIApplicationSceneManifest_Generation = YES;
				INFOPLIST_KEY_UIApplicationSupportsIndirectInputEvents = YES;
				INFOPLIST_KEY_UILaunchScreen_Generation = YES;
				INFOPLIST_KEY_UISupportedInterfaceOrientations_iPad = "UIInterfaceOrientationPortrait UIInterfaceOrientationPortraitUpsideDown UIInterfaceOrientationLandscapeLeft UIInterfaceOrientationLandscapeRight";
				INFOPLIST_KEY_UISupportedInterfaceOrientations_iPhone = "UIInterfaceOrientationPortrait UIInterfaceOrientationLandscapeLeft UIInterfaceOrientationLandscapeRight";
				IPHONEOS_DEPLOYMENT_TARGET = 16.0;
				LD_RUNPATH_SEARCH_PATHS = (
					"$(inherited)",
					"@executable_path/Frameworks",
				);
				MARKETING_VERSION = 1.0;
				PRODUCT_BUNDLE_IDENTIFIER = aliffariqi.me.LoginSystemSwiftUI;
				PRODUCT_NAME = "$(TARGET_NAME)";
				SWIFT_EMIT_LOC_STRINGS = YES;
				SWIFT_VERSION = 5.0;
				TARGETED_DEVICE_FAMILY = "1,2";
			};
			name = Release;
		};
/* End XCBuildConfiguration section */

/* Begin XCConfigurationList section */
		119A51072BF4375800E33239 /* Build configuration list for PBXProject "LoginSystemSwiftUI" */ = {
			isa = XCConfigurationList;
			buildConfigurations = (
				119A51182BF4375900E33239 /* Debug */,
				119A51192BF4375900E33239 /* Release */,
			);
			defaultConfigurationIsVisible = 0;
			defaultConfigurationName = Release;
		};
		119A511A2BF4375900E33239 /* Build configuration list for PBXNativeTarget "LoginSystemSwiftUI" */ = {
			isa = XCConfigurationList;
			buildConfigurations = (
				119A511B2BF4375900E33239 /* Debug */,
				119A511C2BF4375900E33239 /* Release */,
			);
			defaultConfigurationIsVisible = 0;
			defaultConfigurationName = Release;
		};
/* End XCConfigurationList section */

/* Begin XCRemoteSwiftPackageReference section */
		119A51342BF46A5400E33239 /* XCRemoteSwiftPackageReference "firebase-ios-sdk" */ = {
			isa = XCRemoteSwiftPackageReference;
			repositoryURL = "https://github.com/firebase/firebase-ios-sdk";
			requirement = {
				kind = upToNextMajorVersion;
				minimumVersion = 10.26.0;
			};
		};
/* End XCRemoteSwiftPackageReference section */

/* Begin XCSwiftPackageProductDependency section */
		119A51352BF46A5500E33239 /* FirebaseAnalytics */ = {
			isa = XCSwiftPackageProductDependency;
			package = 119A51342BF46A5400E33239 /* XCRemoteSwiftPackageReference "firebase-ios-sdk" */;
			productName = FirebaseAnalytics;
		};
		119A51372BF46A5500E33239 /* FirebaseAnalyticsOnDeviceConversion */ = {
			isa = XCSwiftPackageProductDependency;
			package = 119A51342BF46A5400E33239 /* XCRemoteSwiftPackageReference "firebase-ios-sdk" */;
			productName = FirebaseAnalyticsOnDeviceConversion;
		};
		119A51392BF46A5500E33239 /* FirebaseAnalyticsSwift */ = {
			isa = XCSwiftPackageProductDependency;
			package = 119A51342BF46A5400E33239 /* XCRemoteSwiftPackageReference "firebase-ios-sdk" */;
			productName = FirebaseAnalyticsSwift;
		};
		119A513B2BF46A5500E33239 /* FirebaseAnalyticsWithoutAdIdSupport */ = {
			isa = XCSwiftPackageProductDependency;
			package = 119A51342BF46A5400E33239 /* XCRemoteSwiftPackageReference "firebase-ios-sdk" */;
			productName = FirebaseAnalyticsWithoutAdIdSupport;
		};
		119A513D2BF46A5500E33239 /* FirebaseAppCheck */ = {
			isa = XCSwiftPackageProductDependency;
			package = 119A51342BF46A5400E33239 /* XCRemoteSwiftPackageReference "firebase-ios-sdk" */;
			productName = FirebaseAppCheck;
		};
		119A513F2BF46A5500E33239 /* FirebaseAppDistribution-Beta */ = {
			isa = XCSwiftPackageProductDependency;
			package = 119A51342BF46A5400E33239 /* XCRemoteSwiftPackageReference "firebase-ios-sdk" */;
			productName = "FirebaseAppDistribution-Beta";
		};
		119A51412BF46A5500E33239 /* FirebaseAuth */ = {
			isa = XCSwiftPackageProductDependency;
			package = 119A51342BF46A5400E33239 /* XCRemoteSwiftPackageReference "firebase-ios-sdk" */;
			productName = FirebaseAuth;
		};
		119A51432BF46A5500E33239 /* FirebaseAuthCombine-Community */ = {
			isa = XCSwiftPackageProductDependency;
			package = 119A51342BF46A5400E33239 /* XCRemoteSwiftPackageReference "firebase-ios-sdk" */;
			productName = "FirebaseAuthCombine-Community";
		};
		119A51452BF46A5500E33239 /* FirebaseCrashlytics */ = {
			isa = XCSwiftPackageProductDependency;
			package = 119A51342BF46A5400E33239 /* XCRemoteSwiftPackageReference "firebase-ios-sdk" */;
			productName = FirebaseCrashlytics;
		};
		119A51472BF46A5500E33239 /* FirebaseDatabase */ = {
			isa = XCSwiftPackageProductDependency;
			package = 119A51342BF46A5400E33239 /* XCRemoteSwiftPackageReference "firebase-ios-sdk" */;
			productName = FirebaseDatabase;
		};
		119A51492BF46A5500E33239 /* FirebaseDatabaseSwift */ = {
			isa = XCSwiftPackageProductDependency;
			package = 119A51342BF46A5400E33239 /* XCRemoteSwiftPackageReference "firebase-ios-sdk" */;
			productName = FirebaseDatabaseSwift;
		};
		119A514B2BF46A5500E33239 /* FirebaseDynamicLinks */ = {
			isa = XCSwiftPackageProductDependency;
			package = 119A51342BF46A5400E33239 /* XCRemoteSwiftPackageReference "firebase-ios-sdk" */;
			productName = FirebaseDynamicLinks;
		};
		119A514D2BF46A5500E33239 /* FirebaseFirestore */ = {
			isa = XCSwiftPackageProductDependency;
			package = 119A51342BF46A5400E33239 /* XCRemoteSwiftPackageReference "firebase-ios-sdk" */;
			productName = FirebaseFirestore;
		};
		119A514F2BF46A5500E33239 /* FirebaseFirestoreCombine-Community */ = {
			isa = XCSwiftPackageProductDependency;
			package = 119A51342BF46A5400E33239 /* XCRemoteSwiftPackageReference "firebase-ios-sdk" */;
			productName = "FirebaseFirestoreCombine-Community";
		};
		119A51512BF46A5500E33239 /* FirebaseFirestoreSwift */ = {
			isa = XCSwiftPackageProductDependency;
			package = 119A51342BF46A5400E33239 /* XCRemoteSwiftPackageReference "firebase-ios-sdk" */;
			productName = FirebaseFirestoreSwift;
		};
		119A51532BF46A5500E33239 /* FirebaseFunctions */ = {
			isa = XCSwiftPackageProductDependency;
			package = 119A51342BF46A5400E33239 /* XCRemoteSwiftPackageReference "firebase-ios-sdk" */;
			productName = FirebaseFunctions;
		};
		119A51552BF46A5500E33239 /* FirebaseFunctionsCombine-Community */ = {
			isa = XCSwiftPackageProductDependency;
			package = 119A51342BF46A5400E33239 /* XCRemoteSwiftPackageReference "firebase-ios-sdk" */;
			productName = "FirebaseFunctionsCombine-Community";
		};
		119A51572BF46A5500E33239 /* FirebaseInAppMessaging-Beta */ = {
			isa = XCSwiftPackageProductDependency;
			package = 119A51342BF46A5400E33239 /* XCRemoteSwiftPackageReference "firebase-ios-sdk" */;
			productName = "FirebaseInAppMessaging-Beta";
		};
		119A51592BF46A5500E33239 /* FirebaseInAppMessagingSwift-Beta */ = {
			isa = XCSwiftPackageProductDependency;
			package = 119A51342BF46A5400E33239 /* XCRemoteSwiftPackageReference "firebase-ios-sdk" */;
			productName = "FirebaseInAppMessagingSwift-Beta";
		};
		119A515B2BF46A5500E33239 /* FirebaseInstallations */ = {
			isa = XCSwiftPackageProductDependency;
			package = 119A51342BF46A5400E33239 /* XCRemoteSwiftPackageReference "firebase-ios-sdk" */;
			productName = FirebaseInstallations;
		};
		119A515D2BF46A5500E33239 /* FirebaseMLModelDownloader */ = {
			isa = XCSwiftPackageProductDependency;
			package = 119A51342BF46A5400E33239 /* XCRemoteSwiftPackageReference "firebase-ios-sdk" */;
			productName = FirebaseMLModelDownloader;
		};
		119A515F2BF46A5500E33239 /* FirebaseMessaging */ = {
			isa = XCSwiftPackageProductDependency;
			package = 119A51342BF46A5400E33239 /* XCRemoteSwiftPackageReference "firebase-ios-sdk" */;
			productName = FirebaseMessaging;
		};
		119A51612BF46A5500E33239 /* FirebasePerformance */ = {
			isa = XCSwiftPackageProductDependency;
			package = 119A51342BF46A5400E33239 /* XCRemoteSwiftPackageReference "firebase-ios-sdk" */;
			productName = FirebasePerformance;
		};
		119A51632BF46A5500E33239 /* FirebaseRemoteConfig */ = {
			isa = XCSwiftPackageProductDependency;
			package = 119A51342BF46A5400E33239 /* XCRemoteSwiftPackageReference "firebase-ios-sdk" */;
			productName = FirebaseRemoteConfig;
		};
		119A51652BF46A5500E33239 /* FirebaseRemoteConfigSwift */ = {
			isa = XCSwiftPackageProductDependency;
			package = 119A51342BF46A5400E33239 /* XCRemoteSwiftPackageReference "firebase-ios-sdk" */;
			productName = FirebaseRemoteConfigSwift;
		};
		119A51672BF46A5500E33239 /* FirebaseStorage */ = {
			isa = XCSwiftPackageProductDependency;
			package = 119A51342BF46A5400E33239 /* XCRemoteSwiftPackageReference "firebase-ios-sdk" */;
			productName = FirebaseStorage;
		};
		119A51692BF46A5500E33239 /* FirebaseStorageCombine-Community */ = {
			isa = XCSwiftPackageProductDependency;
			package = 119A51342BF46A5400E33239 /* XCRemoteSwiftPackageReference "firebase-ios-sdk" */;
			productName = "FirebaseStorageCombine-Community";
		};
		119A516B2BF46A5500E33239 /* FirebaseVertexAI-Preview */ = {
			isa = XCSwiftPackageProductDependency;
			package = 119A51342BF46A5400E33239 /* XCRemoteSwiftPackageReference "firebase-ios-sdk" */;
			productName = "FirebaseVertexAI-Preview";
		};
/* End XCSwiftPackageProductDependency section */
	};
	rootObject = 119A51042BF4375800E33239 /* Project object */;
}
